<?xml version="1.0" encoding="utf-8"?>
<Project ToolsVersion="4.0" xmlns="http://schemas.microsoft.com/developer/msbuild/2003">
  <ItemGroup>
    <Filter Include="源文件">
      <UniqueIdentifier>{4FC737F1-C7A5-4376-A066-2A32D752A2FF}</UniqueIdentifier>
      <Extensions>cpp;c;cc;cxx;def;odl;idl;hpj;bat;asm;asmx</Extensions>
    </Filter>
    <Filter Include="头文件">
      <UniqueIdentifier>{93995380-89BD-4b04-88EB-625FBE52EBFB}</UniqueIdentifier>
      <Extensions>h;hh;hpp;hxx;hm;inl;inc;xsd</Extensions>
    </Filter>
    <Filter Include="资源文件">
      <UniqueIdentifier>{67DA6AB6-F800-4c08-8B7A-83BB121AAD01}</UniqueIdentifier>
      <Extensions>rc;ico;cur;bmp;dlg;rc2;rct;bin;rgs;gif;jpg;jpeg;jpe;resx;tiff;tif;png;wav;mfcribbon-ms</Extensions>
    </Filter>
    <Filter Include="头文件\CommandManagement">
      <UniqueIdentifier>{6815a3b7-269c-4140-8573-686cd5313505}</UniqueIdentifier>
    </Filter>
    <Filter Include="源文件\CommandManagement">
      <UniqueIdentifier>{70a56180-d199-4a6b-b54d-1f4724df8242}</UniqueIdentifier>
    </Filter>
    <Filter Include="头文件\RecordManagement">
      <UniqueIdentifier>{e646f3db-2e65-476a-b474-6d0b2dcf9032}</UniqueIdentifier>
    </Filter>
    <Filter Include="源文件\RecordManagement">
      <UniqueIdentifier>{96341241-4d12-4770-b669-b15d76148298}</UniqueIdentifier>
    </Filter>
    <Filter Include="头文件\TradeStrategy">
      <UniqueIdentifier>{f64749df-884d-47b1-8cde-e2601ec8af7c}</UniqueIdentifier>
    </Filter>
    <Filter Include="源文件\TradeStrategy">
      <UniqueIdentifier>{b0313757-b31e-4f3f-972b-f42626f67078}</UniqueIdentifier>
    </Filter>
  </ItemGroup>
  <ItemGroup>
    <ClCompile Include="main.cpp">
      <Filter>源文件</Filter>
    </ClCompile>
    <ClCompile Include="CustomMdSpi.cpp">
      <Filter>源文件</Filter>
    </ClCompile>
    <ClCompile Include="CustomTradeSpi.cpp">
      <Filter>源文件</Filter>
    </ClCompile>
    <ClCompile Include="personInfo.cpp">
      <Filter>源文件</Filter>
    </ClCompile>
    <ClCompile Include="CommandManagement\ApiCommand.cpp">
      <Filter>源文件\CommandManagement</Filter>
    </ClCompile>
    <ClCompile Include="CommandManagement\CommandQueue.cpp">
      <Filter>源文件\CommandManagement</Filter>
    </ClCompile>
    <ClCompile Include="CommandManagement\InsertOrderCommand.cpp">
      <Filter>源文件\CommandManagement</Filter>
    </ClCompile>
    <ClCompile Include="RecordManagement\InfoRecord.cpp">
      <Filter>源文件\RecordManagement</Filter>
    </ClCompile>
    <ClCompile Include="CommandManagement\LoginCommand.cpp">
      <Filter>源文件\CommandManagement</Filter>
    </ClCompile>
    <ClCompile Include="CommandManagement\ComfirmSettlementCommand.cpp">
      <Filter>源文件\CommandManagement</Filter>
    </ClCompile>
    <ClCompile Include="CommandManagement\QryInstrumentCommand.cpp">
      <Filter>源文件\CommandManagement</Filter>
    </ClCompile>
    <ClCompile Include="CommandManagement\QryTradingAccountCommand.cpp">
      <Filter>源文件\CommandManagement</Filter>
    </ClCompile>
    <ClCompile Include="CommandManagement\QryPositionCommand.cpp">
      <Filter>源文件\CommandManagement</Filter>
    </ClCompile>
    <ClCompile Include="TradeStrategy\TradeStrategy.cpp">
      <Filter>源文件\TradeStrategy</Filter>
    </ClCompile>
    <ClCompile Include="InstrumentData.cpp">
      <Filter>源文件\RecordManagement</Filter>
    </ClCompile>
    <ClCompile Include="RecordManagement.cpp">
      <Filter>源文件\RecordManagement</Filter>
    </ClCompile>
  </ItemGroup>
  <ItemGroup>
    <ClInclude Include="personInfo.h">
      <Filter>头文件</Filter>
    </ClInclude>
    <ClInclude Include="CustomMdSpi.h">
      <Filter>头文件</Filter>
    </ClInclude>
    <ClInclude Include="CustomTradeSpi.h">
      <Filter>头文件</Filter>
    </ClInclude>
    <ClInclude Include="RecordManagement\InfoRecord.h">
      <Filter>头文件\RecordManagement</Filter>
    </ClInclude>
    <ClInclude Include="CommandManagement\ApiCommand.h">
      <Filter>头文件\CommandManagement</Filter>
    </ClInclude>
    <ClInclude Include="CommandManagement\InsertOrderCommand.h">
      <Filter>头文件\CommandManagement</Filter>
    </ClInclude>
    <ClInclude Include="CommandManagement\CommandQueue.h">
      <Filter>头文件\CommandManagement</Filter>
    </ClInclude>
    <ClInclude Include="TradeStrategy\TradeStrategy.h">
      <Filter>头文件\TradeStrategy</Filter>
    </ClInclude>
    <ClInclude Include="CommandManagement\LoginCommand.h">
      <Filter>头文件\CommandManagement</Filter>
    </ClInclude>
    <ClInclude Include="CommandManagement\ComfirmSettlementCommand.h">
      <Filter>头文件\CommandManagement</Filter>
    </ClInclude>
    <ClInclude Include="CommandManagement\QryInstrumentCommand.h">
      <Filter>头文件\CommandManagement</Filter>
    </ClInclude>
    <ClInclude Include="CommandManagement\QryTradingAccountCommand.h">
      <Filter>头文件\CommandManagement</Filter>
    </ClInclude>
    <ClInclude Include="CommandManagement\QryPositionCommand.h">
      <Filter>头文件\CommandManagement</Filter>
    </ClInclude>
    <ClInclude Include="InstrumentData.h">
      <Filter>头文件\RecordManagement</Filter>
    </ClInclude>
    <ClInclude Include="RecordManagement.h">
      <Filter>头文件\RecordManagement</Filter>
    </ClInclude>
  </ItemGroup>
  <ItemGroup>
    <None Include="thostmduserapi.dll">
      <Filter>资源文件</Filter>
    </None>
    <None Include="thosttraderapi.dll">
      <Filter>资源文件</Filter>
    </None>
  </ItemGroup>
</Project>